
Microsoft Visual Studio Solution File, Format Version 12.00
# Visual Studio 15
VisualStudioVersion = 15.0.28307.106
MinimumVisualStudioVersion = 10.0.40219.1
Project("{8BC9CEB8-8B4A-11D0-8D11-00A0C91BC942}") = "BetteRConFramework", "BetteRConFramework\BetteRConFramework.vcxproj", "{E0D10A0A-1335-4E01-8AF2-EFD25973FBFA}"
EndProject
Project("{8BC9CEB8-8B4A-11D0-8D11-00A0C91BC942}") = "BetteRConTestBench", "BetteRConTestBench\BetteRConTestBench.vcxproj", "{3BE45B20-0C1F-4C04-BC89-9328044D3A03}"
	ProjectSection(ProjectDependencies) = postProject
		{E0D10A0A-1335-4E01-8AF2-EFD25973FBFA} = {E0D10A0A-1335-4E01-8AF2-EFD25973FBFA}
		{9C000F57-4DC0-4D1F-A762-224A677511E9} = {9C000F57-4DC0-4D1F-A762-224A677511E9}
	EndProjectSection
EndProject
Project("{8BC9CEB8-8B4A-11D0-8D11-00A0C91BC942}") = "BetteRConConsole", "BetteRConConsole\BetteRConConsole.vcxproj", "{ED1F70B6-06AA-43A4-9433-F5D133D156AA}"
	ProjectSection(ProjectDependencies) = postProject
		{E0D10A0A-1335-4E01-8AF2-EFD25973FBFA} = {E0D10A0A-1335-4E01-8AF2-EFD25973FBFA}
	EndProjectSection
EndProject
Project("{8BC9CEB8-8B4A-11D0-8D11-00A0C91BC942}") = "BetteRConSamplePlugin", "BetteRConSamplePlugin\BetteRConSamplePlugin.vcxproj", "{9C000F57-4DC0-4D1F-A762-224A677511E9}"
EndProject
Project("{8BC9CEB8-8B4A-11D0-8D11-00A0C91BC942}") = "FastRoundStart", "FastRoundStart\FastRoundStart.vcxproj", "{9FB00159-B3E5-482B-8A4C-BA0482B86F6C}"
EndProject
Project("{8BC9CEB8-8B4A-11D0-8D11-00A0C91BC942}") = "Assist", "Assist\Assist.vcxproj", "{80ECA8BA-D9B0-458A-870B-329828438D2E}"
EndProject
Project("{8BC9CEB8-8B4A-11D0-8D11-00A0C91BC942}") = "InGameCommands", "InGameCommands\InGameCommands.vcxproj", "{59331883-F66F-45C3-B10A-709069ED8C5C}"
EndProject
Global
	GlobalSection(SolutionConfigurationPlatforms) = preSolution
		Debug|x64 = Debug|x64
		Debug|x86 = Debug|x86
		Release|x64 = Release|x64
		Release|x86 = Release|x86
	EndGlobalSection
	GlobalSection(ProjectConfigurationPlatforms) = postSolution
		{E0D10A0A-1335-4E01-8AF2-EFD25973FBFA}.Debug|x64.ActiveCfg = Debug|x64
		{E0D10A0A-1335-4E01-8AF2-EFD25973FBFA}.Debug|x64.Build.0 = Debug|x64
		{E0D10A0A-1335-4E01-8AF2-EFD25973FBFA}.Debug|x86.ActiveCfg = Debug|Win32
		{E0D10A0A-1335-4E01-8AF2-EFD25973FBFA}.Debug|x86.Build.0 = Debug|Win32
		{E0D10A0A-1335-4E01-8AF2-EFD25973FBFA}.Release|x64.ActiveCfg = Release|x64
		{E0D10A0A-1335-4E01-8AF2-EFD25973FBFA}.Release|x64.Build.0 = Release|x64
		{E0D10A0A-1335-4E01-8AF2-EFD25973FBFA}.Release|x86.ActiveCfg = Release|Win32
		{E0D10A0A-1335-4E01-8AF2-EFD25973FBFA}.Release|x86.Build.0 = Release|Win32
		{3BE45B20-0C1F-4C04-BC89-9328044D3A03}.Debug|x64.ActiveCfg = Debug|x64
		{3BE45B20-0C1F-4C04-BC89-9328044D3A03}.Debug|x64.Build.0 = Debug|x64
		{3BE45B20-0C1F-4C04-BC89-9328044D3A03}.Debug|x86.ActiveCfg = Debug|Win32
		{3BE45B20-0C1F-4C04-BC89-9328044D3A03}.Debug|x86.Build.0 = Debug|Win32
		{3BE45B20-0C1F-4C04-BC89-9328044D3A03}.Release|x64.ActiveCfg = Release|x64
		{3BE45B20-0C1F-4C04-BC89-9328044D3A03}.Release|x64.Build.0 = Release|x64
		{3BE45B20-0C1F-4C04-BC89-9328044D3A03}.Release|x86.ActiveCfg = Release|Win32
		{3BE45B20-0C1F-4C04-BC89-9328044D3A03}.Release|x86.Build.0 = Release|Win32
		{ED1F70B6-06AA-43A4-9433-F5D133D156AA}.Debug|x64.ActiveCfg = Debug|x64
		{ED1F70B6-06AA-43A4-9433-F5D133D156AA}.Debug|x64.Build.0 = Debug|x64
		{ED1F70B6-06AA-43A4-9433-F5D133D156AA}.Debug|x86.ActiveCfg = Debug|Win32
		{ED1F70B6-06AA-43A4-9433-F5D133D156AA}.Debug|x86.Build.0 = Debug|Win32
		{ED1F70B6-06AA-43A4-9433-F5D133D156AA}.Release|x64.ActiveCfg = Release|x64
		{ED1F70B6-06AA-43A4-9433-F5D133D156AA}.Release|x64.Build.0 = Release|x64
		{ED1F70B6-06AA-43A4-9433-F5D133D156AA}.Release|x86.ActiveCfg = Release|Win32
		{ED1F70B6-06AA-43A4-9433-F5D133D156AA}.Release|x86.Build.0 = Release|Win32
		{9C000F57-4DC0-4D1F-A762-224A677511E9}.Debug|x64.ActiveCfg = Debug|x64
		{9C000F57-4DC0-4D1F-A762-224A677511E9}.Debug|x64.Build.0 = Debug|x64
		{9C000F57-4DC0-4D1F-A762-224A677511E9}.Debug|x86.ActiveCfg = Debug|Win32
		{9C000F57-4DC0-4D1F-A762-224A677511E9}.Debug|x86.Build.0 = Debug|Win32
		{9C000F57-4DC0-4D1F-A762-224A677511E9}.Release|x64.ActiveCfg = Release|x64
		{9C000F57-4DC0-4D1F-A762-224A677511E9}.Release|x64.Build.0 = Release|x64
		{9C000F57-4DC0-4D1F-A762-224A677511E9}.Release|x86.ActiveCfg = Release|Win32
		{9C000F57-4DC0-4D1F-A762-224A677511E9}.Release|x86.Build.0 = Release|Win32
		{9FB00159-B3E5-482B-8A4C-BA0482B86F6C}.Debug|x64.ActiveCfg = Debug|x64
		{9FB00159-B3E5-482B-8A4C-BA0482B86F6C}.Debug|x64.Build.0 = Debug|x64
		{9FB00159-B3E5-482B-8A4C-BA0482B86F6C}.Debug|x86.ActiveCfg = Debug|Win32
		{9FB00159-B3E5-482B-8A4C-BA0482B86F6C}.Debug|x86.Build.0 = Debug|Win32
		{9FB00159-B3E5-482B-8A4C-BA0482B86F6C}.Release|x64.ActiveCfg = Release|x64
		{9FB00159-B3E5-482B-8A4C-BA0482B86F6C}.Release|x64.Build.0 = Release|x64
		{9FB00159-B3E5-482B-8A4C-BA0482B86F6C}.Release|x86.ActiveCfg = Release|Win32
		{9FB00159-B3E5-482B-8A4C-BA0482B86F6C}.Release|x86.Build.0 = Release|Win32
		{80ECA8BA-D9B0-458A-870B-329828438D2E}.Debug|x64.ActiveCfg = Debug|x64
		{80ECA8BA-D9B0-458A-870B-329828438D2E}.Debug|x64.Build.0 = Debug|x64
		{80ECA8BA-D9B0-458A-870B-329828438D2E}.Debug|x86.ActiveCfg = Debug|Win32
		{80ECA8BA-D9B0-458A-870B-329828438D2E}.Debug|x86.Build.0 = Debug|Win32
		{80ECA8BA-D9B0-458A-870B-329828438D2E}.Release|x64.ActiveCfg = Release|x64
		{80ECA8BA-D9B0-458A-870B-329828438D2E}.Release|x64.Build.0 = Release|x64
		{80ECA8BA-D9B0-458A-870B-329828438D2E}.Release|x86.ActiveCfg = Release|Win32
		{80ECA8BA-D9B0-458A-870B-329828438D2E}.Release|x86.Build.0 = Release|Win32
		{59331883-F66F-45C3-B10A-709069ED8C5C}.Debug|x64.ActiveCfg = Debug|x64
		{59331883-F66F-45C3-B10A-709069ED8C5C}.Debug|x64.Build.0 = Debug|x64
		{59331883-F66F-45C3-B10A-709069ED8C5C}.Debug|x86.ActiveCfg = Debug|Win32
		{59331883-F66F-45C3-B10A-709069ED8C5C}.Debug|x86.Build.0 = Debug|Win32
		{59331883-F66F-45C3-B10A-709069ED8C5C}.Release|x64.ActiveCfg = Release|x64
		{59331883-F66F-45C3-B10A-709069ED8C5C}.Release|x64.Build.0 = Release|x64
		{59331883-F66F-45C3-B10A-709069ED8C5C}.Release|x86.ActiveCfg = Release|Win32
		{59331883-F66F-45C3-B10A-709069ED8C5C}.Release|x86.Build.0 = Release|Win32
	EndGlobalSection
	GlobalSection(SolutionProperties) = preSolution
		HideSolutionNode = FALSE
	EndGlobalSection
	GlobalSection(ExtensibilityGlobals) = postSolution
		SolutionGuid = {4B137ABD-E248-46DF-AACE-F30470CD97EB}
	EndGlobalSection
EndGlobal
